// !$*UTF8*$!
{
	archiveVersion = 1;
	classes = {
	};
	objectVersion = 56;
	objects = {

/* Begin PBXBuildFile section */
		290A404E2A8A21E30038B10F /* LoginViewModel.swift in Sources */ = {isa = PBXBuildFile; fileRef = 290A404D2A8A21E30038B10F /* LoginViewModel.swift */; };
		290A40502A8A54D40038B10F /* RegistrationViewModel.swift in Sources */ = {isa = PBXBuildFile; fileRef = 290A404F2A8A54D40038B10F /* RegistrationViewModel.swift */; };
		290A40532A8A6BA30038B10F /* GoogleService-Info.plist in Resources */ = {isa = PBXBuildFile; fileRef = 290A40522A8A6BA30038B10F /* GoogleService-Info.plist */; };
		293325A92AA5AD55003B9D51 /* CustomInputAccessoryView.swift in Sources */ = {isa = PBXBuildFile; fileRef = 293325A82AA5AD55003B9D51 /* CustomInputAccessoryView.swift */; };
		293325AB2AA5B7F4003B9D51 /* MessageCell.swift in Sources */ = {isa = PBXBuildFile; fileRef = 293325AA2AA5B7F4003B9D51 /* MessageCell.swift */; };
		293325AD2AA5C172003B9D51 /* Message.swift in Sources */ = {isa = PBXBuildFile; fileRef = 293325AC2AA5C172003B9D51 /* Message.swift */; };
		293325AF2AA5C449003B9D51 /* MessageViewModel.swift in Sources */ = {isa = PBXBuildFile; fileRef = 293325AE2AA5C449003B9D51 /* MessageViewModel.swift */; };
		293325B12AA5F680003B9D51 /* Constants.swift in Sources */ = {isa = PBXBuildFile; fileRef = 293325B02AA5F680003B9D51 /* Constants.swift */; };
		29443C3A2A9C8A05005288EF /* AuthService.swift in Sources */ = {isa = PBXBuildFile; fileRef = 29443C392A9C8A05005288EF /* AuthService.swift */; };
		29443C3C2A9CBDA4005288EF /* NewMessageController.swift in Sources */ = {isa = PBXBuildFile; fileRef = 29443C3B2A9CBDA4005288EF /* NewMessageController.swift */; };
		29443C3E2A9CDA64005288EF /* UserCell.swift in Sources */ = {isa = PBXBuildFile; fileRef = 29443C3D2A9CDA64005288EF /* UserCell.swift */; };
		295A4BCE2AA8592B00AFD995 /* ProfileViewModel.swift in Sources */ = {isa = PBXBuildFile; fileRef = 295A4BCD2AA8592B00AFD995 /* ProfileViewModel.swift */; };
		295A4BD02AA85AA900AFD995 /* ProfileCell.swift in Sources */ = {isa = PBXBuildFile; fileRef = 295A4BCF2AA85AA900AFD995 /* ProfileCell.swift */; };
		295A4BD22AA868EC00AFD995 /* ProfileFooterView.swift in Sources */ = {isa = PBXBuildFile; fileRef = 295A4BD12AA868EC00AFD995 /* ProfileFooterView.swift */; };
		29AFDCA52A84B785008AB9C9 /* AppDelegate.swift in Sources */ = {isa = PBXBuildFile; fileRef = 29AFDCA42A84B785008AB9C9 /* AppDelegate.swift */; };
		29AFDCA72A84B785008AB9C9 /* SceneDelegate.swift in Sources */ = {isa = PBXBuildFile; fileRef = 29AFDCA62A84B785008AB9C9 /* SceneDelegate.swift */; };
		29AFDCA92A84B785008AB9C9 /* ViewController.swift in Sources */ = {isa = PBXBuildFile; fileRef = 29AFDCA82A84B785008AB9C9 /* ViewController.swift */; };
		29AFDCAC2A84B785008AB9C9 /* Main.storyboard in Resources */ = {isa = PBXBuildFile; fileRef = 29AFDCAA2A84B785008AB9C9 /* Main.storyboard */; };
		29AFDCAE2A84B786008AB9C9 /* Assets.xcassets in Resources */ = {isa = PBXBuildFile; fileRef = 29AFDCAD2A84B786008AB9C9 /* Assets.xcassets */; };
		29AFDCB12A84B786008AB9C9 /* LaunchScreen.storyboard in Resources */ = {isa = PBXBuildFile; fileRef = 29AFDCAF2A84B786008AB9C9 /* LaunchScreen.storyboard */; };
		29AFDCBF2A84B855008AB9C9 /* ConversationController.swift in Sources */ = {isa = PBXBuildFile; fileRef = 29AFDCBE2A84B855008AB9C9 /* ConversationController.swift */; };
		29AFDCC22A84E018008AB9C9 /* RegistrationController.swift in Sources */ = {isa = PBXBuildFile; fileRef = 29AFDCC12A84E018008AB9C9 /* RegistrationController.swift */; };
		29AFDCC42A84E023008AB9C9 /* LoginController.swift in Sources */ = {isa = PBXBuildFile; fileRef = 29AFDCC32A84E023008AB9C9 /* LoginController.swift */; };
		29AFDCC82A84E338008AB9C9 /* Extensions.swift in Sources */ = {isa = PBXBuildFile; fileRef = 29AFDCC72A84E338008AB9C9 /* Extensions.swift */; };
		29B518602A9E1EC100687984 /* User.swift in Sources */ = {isa = PBXBuildFile; fileRef = 29B5185F2A9E1EC100687984 /* User.swift */; };
		29B518622A9E1F5700687984 /* Service.swift in Sources */ = {isa = PBXBuildFile; fileRef = 29B518612A9E1F5700687984 /* Service.swift */; };
		29B61A6F2A87676A0099C17D /* InputContainerView.swift in Sources */ = {isa = PBXBuildFile; fileRef = 29B61A6E2A87676A0099C17D /* InputContainerView.swift */; };
		29B61A712A876A5B0099C17D /* CustomTextField.swift in Sources */ = {isa = PBXBuildFile; fileRef = 29B61A702A876A5B0099C17D /* CustomTextField.swift */; };
		29C17BEB2AA07A73005E3A09 /* ChatController.swift in Sources */ = {isa = PBXBuildFile; fileRef = 29C17BEA2AA07A73005E3A09 /* ChatController.swift */; };
		29DAF3682A8CC8B500BB0096 /* FirebaseAnalytics in Frameworks */ = {isa = PBXBuildFile; productRef = 29DAF3672A8CC8B500BB0096 /* FirebaseAnalytics */; };
		29DAF36A2A8CC8B500BB0096 /* FirebaseAnalyticsOnDeviceConversion in Frameworks */ = {isa = PBXBuildFile; productRef = 29DAF3692A8CC8B500BB0096 /* FirebaseAnalyticsOnDeviceConversion */; };
		29DAF36C2A8CC8B500BB0096 /* FirebaseAnalyticsSwift in Frameworks */ = {isa = PBXBuildFile; productRef = 29DAF36B2A8CC8B500BB0096 /* FirebaseAnalyticsSwift */; };
		29DAF36E2A8CC8B500BB0096 /* FirebaseAnalyticsWithoutAdIdSupport in Frameworks */ = {isa = PBXBuildFile; productRef = 29DAF36D2A8CC8B500BB0096 /* FirebaseAnalyticsWithoutAdIdSupport */; };
		29DAF3702A8CC8B500BB0096 /* FirebaseAppCheck in Frameworks */ = {isa = PBXBuildFile; productRef = 29DAF36F2A8CC8B500BB0096 /* FirebaseAppCheck */; };
		29DAF3722A8CC8B500BB0096 /* FirebaseAppDistribution-Beta in Frameworks */ = {isa = PBXBuildFile; productRef = 29DAF3712A8CC8B500BB0096 /* FirebaseAppDistribution-Beta */; };
		29DAF3742A8CC8B500BB0096 /* FirebaseAuth in Frameworks */ = {isa = PBXBuildFile; productRef = 29DAF3732A8CC8B500BB0096 /* FirebaseAuth */; };
		29DAF3762A8CC8B500BB0096 /* FirebaseAuthCombine-Community in Frameworks */ = {isa = PBXBuildFile; productRef = 29DAF3752A8CC8B500BB0096 /* FirebaseAuthCombine-Community */; };
		29DAF3782A8CC8B500BB0096 /* FirebaseCrashlytics in Frameworks */ = {isa = PBXBuildFile; productRef = 29DAF3772A8CC8B500BB0096 /* FirebaseCrashlytics */; };
		29DAF37A2A8CC8B500BB0096 /* FirebaseDatabase in Frameworks */ = {isa = PBXBuildFile; productRef = 29DAF3792A8CC8B500BB0096 /* FirebaseDatabase */; };
		29DAF37C2A8CC8B500BB0096 /* FirebaseDatabaseSwift in Frameworks */ = {isa = PBXBuildFile; productRef = 29DAF37B2A8CC8B500BB0096 /* FirebaseDatabaseSwift */; };
		29DAF37E2A8CC8B500BB0096 /* FirebaseDynamicLinks in Frameworks */ = {isa = PBXBuildFile; productRef = 29DAF37D2A8CC8B500BB0096 /* FirebaseDynamicLinks */; };
		29DAF3802A8CC8B500BB0096 /* FirebaseFirestore in Frameworks */ = {isa = PBXBuildFile; productRef = 29DAF37F2A8CC8B500BB0096 /* FirebaseFirestore */; };
		29DAF3822A8CC8B500BB0096 /* FirebaseFirestoreCombine-Community in Frameworks */ = {isa = PBXBuildFile; productRef = 29DAF3812A8CC8B500BB0096 /* FirebaseFirestoreCombine-Community */; };
		29DAF3842A8CC8B500BB0096 /* FirebaseFirestoreSwift in Frameworks */ = {isa = PBXBuildFile; productRef = 29DAF3832A8CC8B500BB0096 /* FirebaseFirestoreSwift */; };
		29DAF3862A8CC8B500BB0096 /* FirebaseFunctions in Frameworks */ = {isa = PBXBuildFile; productRef = 29DAF3852A8CC8B500BB0096 /* FirebaseFunctions */; };
		29DAF3882A8CC8B500BB0096 /* FirebaseFunctionsCombine-Community in Frameworks */ = {isa = PBXBuildFile; productRef = 29DAF3872A8CC8B500BB0096 /* FirebaseFunctionsCombine-Community */; };
		29DAF38A2A8CC8B500BB0096 /* FirebaseInAppMessaging-Beta in Frameworks */ = {isa = PBXBuildFile; productRef = 29DAF3892A8CC8B500BB0096 /* FirebaseInAppMessaging-Beta */; };
		29DAF38C2A8CC8B500BB0096 /* FirebaseInAppMessagingSwift-Beta in Frameworks */ = {isa = PBXBuildFile; productRef = 29DAF38B2A8CC8B500BB0096 /* FirebaseInAppMessagingSwift-Beta */; };
		29DAF38E2A8CC8B500BB0096 /* FirebaseInstallations in Frameworks */ = {isa = PBXBuildFile; productRef = 29DAF38D2A8CC8B500BB0096 /* FirebaseInstallations */; };
		29DAF3902A8CC8B500BB0096 /* FirebaseMessaging in Frameworks */ = {isa = PBXBuildFile; productRef = 29DAF38F2A8CC8B500BB0096 /* FirebaseMessaging */; };
		29DAF3922A8CC8B500BB0096 /* FirebaseMLModelDownloader in Frameworks */ = {isa = PBXBuildFile; productRef = 29DAF3912A8CC8B500BB0096 /* FirebaseMLModelDownloader */; };
		29DAF3942A8CC8B500BB0096 /* FirebasePerformance in Frameworks */ = {isa = PBXBuildFile; productRef = 29DAF3932A8CC8B500BB0096 /* FirebasePerformance */; };
		29DAF3962A8CC8B500BB0096 /* FirebaseRemoteConfig in Frameworks */ = {isa = PBXBuildFile; productRef = 29DAF3952A8CC8B500BB0096 /* FirebaseRemoteConfig */; };
		29DAF3982A8CC8B500BB0096 /* FirebaseRemoteConfigSwift in Frameworks */ = {isa = PBXBuildFile; productRef = 29DAF3972A8CC8B500BB0096 /* FirebaseRemoteConfigSwift */; };
		29DAF39A2A8CC8B500BB0096 /* FirebaseStorage in Frameworks */ = {isa = PBXBuildFile; productRef = 29DAF3992A8CC8B500BB0096 /* FirebaseStorage */; };
		29DAF39C2A8CC8B500BB0096 /* FirebaseStorageCombine-Community in Frameworks */ = {isa = PBXBuildFile; productRef = 29DAF39B2A8CC8B500BB0096 /* FirebaseStorageCombine-Community */; };
		29DAF39E2A8CC8BF00BB0096 /* SDWebImage in Frameworks */ = {isa = PBXBuildFile; productRef = 29DAF39D2A8CC8BF00BB0096 /* SDWebImage */; };
		29DAF3A02A8CC8BF00BB0096 /* SDWebImageMapKit in Frameworks */ = {isa = PBXBuildFile; productRef = 29DAF39F2A8CC8BF00BB0096 /* SDWebImageMapKit */; };
		29DAF3A22A8CC8BF00BB0096 /* JGProgressHUD in Frameworks */ = {isa = PBXBuildFile; productRef = 29DAF3A12A8CC8BF00BB0096 /* JGProgressHUD */; };
		29FDCF802AA70D3C007E395A /* ConversationCell.swift in Sources */ = {isa = PBXBuildFile; fileRef = 29FDCF7F2AA70D3C007E395A /* ConversationCell.swift */; };
		29FDCF822AA7109C007E395A /* ConversationViewModel.swift in Sources */ = {isa = PBXBuildFile; fileRef = 29FDCF812AA7109C007E395A /* ConversationViewModel.swift */; };
		29FDCF842AA74998007E395A /* ProfileController.swift in Sources */ = {isa = PBXBuildFile; fileRef = 29FDCF832AA74998007E395A /* ProfileController.swift */; };
		29FDCF872AA74B0A007E395A /* ProfileHeader.swift in Sources */ = {isa = PBXBuildFile; fileRef = 29FDCF862AA74B0A007E395A /* ProfileHeader.swift */; };
/* End PBXBuildFile section */

/* Begin PBXFileReference section */
		290A404D2A8A21E30038B10F /* LoginViewModel.swift */ = {isa = PBXFileReference; lastKnownFileType = sourcecode.swift; path = LoginViewModel.swift; sourceTree = "<group>"; };
		290A404F2A8A54D40038B10F /* RegistrationViewModel.swift */ = {isa = PBXFileReference; lastKnownFileType = sourcecode.swift; path = RegistrationViewModel.swift; sourceTree = "<group>"; };
		290A40522A8A6BA30038B10F /* GoogleService-Info.plist */ = {isa = PBXFileReference; fileEncoding = 4; lastKnownFileType = text.plist.xml; path = "GoogleService-Info.plist"; sourceTree = "<group>"; };
		293325A82AA5AD55003B9D51 /* CustomInputAccessoryView.swift */ = {isa = PBXFileReference; lastKnownFileType = sourcecode.swift; path = CustomInputAccessoryView.swift; sourceTree = "<group>"; };
		293325AA2AA5B7F4003B9D51 /* MessageCell.swift */ = {isa = PBXFileReference; lastKnownFileType = sourcecode.swift; path = MessageCell.swift; sourceTree = "<group>"; };
		293325AC2AA5C172003B9D51 /* Message.swift */ = {isa = PBXFileReference; lastKnownFileType = sourcecode.swift; path = Message.swift; sourceTree = "<group>"; };
		293325AE2AA5C449003B9D51 /* MessageViewModel.swift */ = {isa = PBXFileReference; lastKnownFileType = sourcecode.swift; path = MessageViewModel.swift; sourceTree = "<group>"; };
		293325B02AA5F680003B9D51 /* Constants.swift */ = {isa = PBXFileReference; lastKnownFileType = sourcecode.swift; path = Constants.swift; sourceTree = "<group>"; };
		29443C392A9C8A05005288EF /* AuthService.swift */ = {isa = PBXFileReference; lastKnownFileType = sourcecode.swift; path = AuthService.swift; sourceTree = "<group>"; };
		29443C3B2A9CBDA4005288EF /* NewMessageController.swift */ = {isa = PBXFileReference; lastKnownFileType = sourcecode.swift; path = NewMessageController.swift; sourceTree = "<group>"; };
		29443C3D2A9CDA64005288EF /* UserCell.swift */ = {isa = PBXFileReference; lastKnownFileType = sourcecode.swift; path = UserCell.swift; sourceTree = "<group>"; };
		295A4BCD2AA8592B00AFD995 /* ProfileViewModel.swift */ = {isa = PBXFileReference; lastKnownFileType = sourcecode.swift; path = ProfileViewModel.swift; sourceTree = "<group>"; };
		295A4BCF2AA85AA900AFD995 /* ProfileCell.swift */ = {isa = PBXFileReference; lastKnownFileType = sourcecode.swift; path = ProfileCell.swift; sourceTree = "<group>"; };
		295A4BD12AA868EC00AFD995 /* ProfileFooterView.swift */ = {isa = PBXFileReference; lastKnownFileType = sourcecode.swift; path = ProfileFooterView.swift; sourceTree = "<group>"; };
		29AFDCA12A84B785008AB9C9 /* ChatApp.app */ = {isa = PBXFileReference; explicitFileType = wrapper.application; includeInIndex = 0; path = ChatApp.app; sourceTree = BUILT_PRODUCTS_DIR; };
		29AFDCA42A84B785008AB9C9 /* AppDelegate.swift */ = {isa = PBXFileReference; lastKnownFileType = sourcecode.swift; path = AppDelegate.swift; sourceTree = "<group>"; };
		29AFDCA62A84B785008AB9C9 /* SceneDelegate.swift */ = {isa = PBXFileReference; lastKnownFileType = sourcecode.swift; path = SceneDelegate.swift; sourceTree = "<group>"; };
		29AFDCA82A84B785008AB9C9 /* ViewController.swift */ = {isa = PBXFileReference; lastKnownFileType = sourcecode.swift; path = ViewController.swift; sourceTree = "<group>"; };
		29AFDCAB2A84B785008AB9C9 /* Base */ = {isa = PBXFileReference; lastKnownFileType = file.storyboard; name = Base; path = Base.lproj/Main.storyboard; sourceTree = "<group>"; };
		29AFDCAD2A84B786008AB9C9 /* Assets.xcassets */ = {isa = PBXFileReference; lastKnownFileType = folder.assetcatalog; path = Assets.xcassets; sourceTree = "<group>"; };
		29AFDCB02A84B786008AB9C9 /* Base */ = {isa = PBXFileReference; lastKnownFileType = file.storyboard; name = Base; path = Base.lproj/LaunchScreen.storyboard; sourceTree = "<group>"; };
		29AFDCB22A84B786008AB9C9 /* Info.plist */ = {isa = PBXFileReference; lastKnownFileType = text.plist.xml; path = Info.plist; sourceTree = "<group>"; };
		29AFDCBE2A84B855008AB9C9 /* ConversationController.swift */ = {isa = PBXFileReference; lastKnownFileType = sourcecode.swift; path = ConversationController.swift; sourceTree = "<group>"; };
		29AFDCC12A84E018008AB9C9 /* RegistrationController.swift */ = {isa = PBXFileReference; lastKnownFileType = sourcecode.swift; path = RegistrationController.swift; sourceTree = "<group>"; };
		29AFDCC32A84E023008AB9C9 /* LoginController.swift */ = {isa = PBXFileReference; lastKnownFileType = sourcecode.swift; path = LoginController.swift; sourceTree = "<group>"; };
		29AFDCC72A84E338008AB9C9 /* Extensions.swift */ = {isa = PBXFileReference; lastKnownFileType = sourcecode.swift; path = Extensions.swift; sourceTree = "<group>"; };
		29B5185F2A9E1EC100687984 /* User.swift */ = {isa = PBXFileReference; lastKnownFileType = sourcecode.swift; path = User.swift; sourceTree = "<group>"; };
		29B518612A9E1F5700687984 /* Service.swift */ = {isa = PBXFileReference; lastKnownFileType = sourcecode.swift; path = Service.swift; sourceTree = "<group>"; };
		29B61A6E2A87676A0099C17D /* InputContainerView.swift */ = {isa = PBXFileReference; lastKnownFileType = sourcecode.swift; path = InputContainerView.swift; sourceTree = "<group>"; };
		29B61A702A876A5B0099C17D /* CustomTextField.swift */ = {isa = PBXFileReference; lastKnownFileType = sourcecode.swift; path = CustomTextField.swift; sourceTree = "<group>"; };
		29C17BEA2AA07A73005E3A09 /* ChatController.swift */ = {isa = PBXFileReference; lastKnownFileType = sourcecode.swift; path = ChatController.swift; sourceTree = "<group>"; };
		29FDCF7F2AA70D3C007E395A /* ConversationCell.swift */ = {isa = PBXFileReference; lastKnownFileType = sourcecode.swift; path = ConversationCell.swift; sourceTree = "<group>"; };
		29FDCF812AA7109C007E395A /* ConversationViewModel.swift */ = {isa = PBXFileReference; lastKnownFileType = sourcecode.swift; path = ConversationViewModel.swift; sourceTree = "<group>"; };
		29FDCF832AA74998007E395A /* ProfileController.swift */ = {isa = PBXFileReference; lastKnownFileType = sourcecode.swift; path = ProfileController.swift; sourceTree = "<group>"; };
		29FDCF862AA74B0A007E395A /* ProfileHeader.swift */ = {isa = PBXFileReference; lastKnownFileType = sourcecode.swift; path = ProfileHeader.swift; sourceTree = "<group>"; };
/* End PBXFileReference section */

/* Begin PBXFrameworksBuildPhase section */
		29AFDC9E2A84B785008AB9C9 /* Frameworks */ = {
			isa = PBXFrameworksBuildPhase;
			buildActionMask = 2147483647;
			files = (
				29DAF3A02A8CC8BF00BB0096 /* SDWebImageMapKit in Frameworks */,
				29DAF37A2A8CC8B500BB0096 /* FirebaseDatabase in Frameworks */,
				29DAF3882A8CC8B500BB0096 /* FirebaseFunctionsCombine-Community in Frameworks */,
				29DAF3802A8CC8B500BB0096 /* FirebaseFirestore in Frameworks */,
				29DAF3A22A8CC8BF00BB0096 /* JGProgressHUD in Frameworks */,
				29DAF36C2A8CC8B500BB0096 /* FirebaseAnalyticsSwift in Frameworks */,
				29DAF3682A8CC8B500BB0096 /* FirebaseAnalytics in Frameworks */,
				29DAF36A2A8CC8B500BB0096 /* FirebaseAnalyticsOnDeviceConversion in Frameworks */,
				29DAF3842A8CC8B500BB0096 /* FirebaseFirestoreSwift in Frameworks */,
				29DAF3922A8CC8B500BB0096 /* FirebaseMLModelDownloader in Frameworks */,
				29DAF3702A8CC8B500BB0096 /* FirebaseAppCheck in Frameworks */,
				29DAF36E2A8CC8B500BB0096 /* FirebaseAnalyticsWithoutAdIdSupport in Frameworks */,
				29DAF39E2A8CC8BF00BB0096 /* SDWebImage in Frameworks */,
				29DAF3902A8CC8B500BB0096 /* FirebaseMessaging in Frameworks */,
				29DAF3742A8CC8B500BB0096 /* FirebaseAuth in Frameworks */,
				29DAF3982A8CC8B500BB0096 /* FirebaseRemoteConfigSwift in Frameworks */,
				29DAF3782A8CC8B500BB0096 /* FirebaseCrashlytics in Frameworks */,
				29DAF38A2A8CC8B500BB0096 /* FirebaseInAppMessaging-Beta in Frameworks */,
				29DAF37C2A8CC8B500BB0096 /* FirebaseDatabaseSwift in Frameworks */,
				29DAF39C2A8CC8B500BB0096 /* FirebaseStorageCombine-Community in Frameworks */,
				29DAF3962A8CC8B500BB0096 /* FirebaseRemoteConfig in Frameworks */,
				29DAF3862A8CC8B500BB0096 /* FirebaseFunctions in Frameworks */,
				29DAF3722A8CC8B500BB0096 /* FirebaseAppDistribution-Beta in Frameworks */,
				29DAF3942A8CC8B500BB0096 /* FirebasePerformance in Frameworks */,
				29DAF3762A8CC8B500BB0096 /* FirebaseAuthCombine-Community in Frameworks */,
				29DAF39A2A8CC8B500BB0096 /* FirebaseStorage in Frameworks */,
				29DAF38C2A8CC8B500BB0096 /* FirebaseInAppMessagingSwift-Beta in Frameworks */,
				29DAF37E2A8CC8B500BB0096 /* FirebaseDynamicLinks in Frameworks */,
				29DAF3822A8CC8B500BB0096 /* FirebaseFirestoreCombine-Community in Frameworks */,
				29DAF38E2A8CC8B500BB0096 /* FirebaseInstallations in Frameworks */,
			);
			runOnlyForDeploymentPostprocessing = 0;
		};
/* End PBXFrameworksBuildPhase section */

/* Begin PBXGroup section */
		290A40512A8A54D70038B10F /* Authentification */ = {
			isa = PBXGroup;
			children = (
				290A404D2A8A21E30038B10F /* LoginViewModel.swift */,
				290A404F2A8A54D40038B10F /* RegistrationViewModel.swift */,
			);
			path = Authentification;
			sourceTree = "<group>";
		};
		29AFDC982A84B785008AB9C9 = {
			isa = PBXGroup;
			children = (
				29AFDCA32A84B785008AB9C9 /* ChatApp */,
				29AFDCA22A84B785008AB9C9 /* Products */,
				29DAF3662A8CC8B500BB0096 /* Frameworks */,
			);
			sourceTree = "<group>";
		};
		29AFDCA22A84B785008AB9C9 /* Products */ = {
			isa = PBXGroup;
			children = (
				29AFDCA12A84B785008AB9C9 /* ChatApp.app */,
			);
			name = Products;
			sourceTree = "<group>";
		};
		29AFDCA32A84B785008AB9C9 /* ChatApp */ = {
			isa = PBXGroup;
			children = (
				29AFDCBD2A84B7C6008AB9C9 /* Model */,
				29AFDCBC2A84B7C3008AB9C9 /* View */,
				29AFDCBB2A84B7C1008AB9C9 /* ViewModel */,
				29AFDCBA2A84B7BF008AB9C9 /* Controller */,
				29AFDCB92A84B7BC008AB9C9 /* API */,
				29AFDCB82A84B7BA008AB9C9 /* Utils */,
				29AFDCA42A84B785008AB9C9 /* AppDelegate.swift */,
				29AFDCA62A84B785008AB9C9 /* SceneDelegate.swift */,
				29AFDCA82A84B785008AB9C9 /* ViewController.swift */,
				29AFDCAA2A84B785008AB9C9 /* Main.storyboard */,
				29AFDCAD2A84B786008AB9C9 /* Assets.xcassets */,
				29AFDCAF2A84B786008AB9C9 /* LaunchScreen.storyboard */,
				290A40522A8A6BA30038B10F /* GoogleService-Info.plist */,
				29AFDCB22A84B786008AB9C9 /* Info.plist */,
			);
			path = ChatApp;
			sourceTree = "<group>";
		};
		29AFDCB82A84B7BA008AB9C9 /* Utils */ = {
			isa = PBXGroup;
			children = (
				29AFDCC72A84E338008AB9C9 /* Extensions.swift */,
				293325B02AA5F680003B9D51 /* Constants.swift */,
			);
			path = Utils;
			sourceTree = "<group>";
		};
		29AFDCB92A84B7BC008AB9C9 /* API */ = {
			isa = PBXGroup;
			children = (
				29443C392A9C8A05005288EF /* AuthService.swift */,
				29B518612A9E1F5700687984 /* Service.swift */,
			);
			path = API;
			sourceTree = "<group>";
		};
		29AFDCBA2A84B7BF008AB9C9 /* Controller */ = {
			isa = PBXGroup;
			children = (
				29AFDCC02A84E002008AB9C9 /* Authentification */,
				29AFDCBE2A84B855008AB9C9 /* ConversationController.swift */,
				29443C3B2A9CBDA4005288EF /* NewMessageController.swift */,
				29C17BEA2AA07A73005E3A09 /* ChatController.swift */,
				29FDCF832AA74998007E395A /* ProfileController.swift */,
			);
			path = Controller;
			sourceTree = "<group>";
		};
		29AFDCBB2A84B7C1008AB9C9 /* ViewModel */ = {
			isa = PBXGroup;
			children = (
				290A40512A8A54D70038B10F /* Authentification */,
				293325AE2AA5C449003B9D51 /* MessageViewModel.swift */,
				29FDCF812AA7109C007E395A /* ConversationViewModel.swift */,
				295A4BCD2AA8592B00AFD995 /* ProfileViewModel.swift */,
			);
			path = ViewModel;
			sourceTree = "<group>";
		};
		29AFDCBC2A84B7C3008AB9C9 /* View */ = {
			isa = PBXGroup;
			children = (
				29B61A6E2A87676A0099C17D /* InputContainerView.swift */,
				29B61A702A876A5B0099C17D /* CustomTextField.swift */,
				293325A82AA5AD55003B9D51 /* CustomInputAccessoryView.swift */,
				29443C3D2A9CDA64005288EF /* UserCell.swift */,
				293325AA2AA5B7F4003B9D51 /* MessageCell.swift */,
				29FDCF7F2AA70D3C007E395A /* ConversationCell.swift */,
				29FDCF852AA74AF3007E395A /* Profile */,
			);
			path = View;
			sourceTree = "<group>";
		};
		29AFDCBD2A84B7C6008AB9C9 /* Model */ = {
			isa = PBXGroup;
			children = (
				29B5185F2A9E1EC100687984 /* User.swift */,
				293325AC2AA5C172003B9D51 /* Message.swift */,
			);
			path = Model;
			sourceTree = "<group>";
		};
		29AFDCC02A84E002008AB9C9 /* Authentification */ = {
			isa = PBXGroup;
			children = (
				29AFDCC32A84E023008AB9C9 /* LoginController.swift */,
				29AFDCC12A84E018008AB9C9 /* RegistrationController.swift */,
			);
			path = Authentification;
			sourceTree = "<group>";
		};
		29DAF3662A8CC8B500BB0096 /* Frameworks */ = {
			isa = PBXGroup;
			children = (
			);
			name = Frameworks;
			sourceTree = "<group>";
		};
		29FDCF852AA74AF3007E395A /* Profile */ = {
			isa = PBXGroup;
			children = (
				29FDCF862AA74B0A007E395A /* ProfileHeader.swift */,
				295A4BD12AA868EC00AFD995 /* ProfileFooterView.swift */,
				295A4BCF2AA85AA900AFD995 /* ProfileCell.swift */,
			);
			path = Profile;
			sourceTree = "<group>";
		};
/* End PBXGroup section */

/* Begin PBXNativeTarget section */
		29AFDCA02A84B785008AB9C9 /* ChatApp */ = {
			isa = PBXNativeTarget;
			buildConfigurationList = 29AFDCB52A84B786008AB9C9 /* Build configuration list for PBXNativeTarget "ChatApp" */;
			buildPhases = (
				29AFDC9D2A84B785008AB9C9 /* Sources */,
				29AFDC9E2A84B785008AB9C9 /* Frameworks */,
				29AFDC9F2A84B785008AB9C9 /* Resources */,
			);
			buildRules = (
			);
			dependencies = (
			);
			name = ChatApp;
			packageProductDependencies = (
				29DAF3672A8CC8B500BB0096 /* FirebaseAnalytics */,
				29DAF3692A8CC8B500BB0096 /* FirebaseAnalyticsOnDeviceConversion */,
				29DAF36B2A8CC8B500BB0096 /* FirebaseAnalyticsSwift */,
				29DAF36D2A8CC8B500BB0096 /* FirebaseAnalyticsWithoutAdIdSupport */,
				29DAF36F2A8CC8B500BB0096 /* FirebaseAppCheck */,
				29DAF3712A8CC8B500BB0096 /* FirebaseAppDistribution-Beta */,
				29DAF3732A8CC8B500BB0096 /* FirebaseAuth */,
				29DAF3752A8CC8B500BB0096 /* FirebaseAuthCombine-Community */,
				29DAF3772A8CC8B500BB0096 /* FirebaseCrashlytics */,
				29DAF3792A8CC8B500BB0096 /* FirebaseDatabase */,
				29DAF37B2A8CC8B500BB0096 /* FirebaseDatabaseSwift */,
				29DAF37D2A8CC8B500BB0096 /* FirebaseDynamicLinks */,
				29DAF37F2A8CC8B500BB0096 /* FirebaseFirestore */,
				29DAF3812A8CC8B500BB0096 /* FirebaseFirestoreCombine-Community */,
				29DAF3832A8CC8B500BB0096 /* FirebaseFirestoreSwift */,
				29DAF3852A8CC8B500BB0096 /* FirebaseFunctions */,
				29DAF3872A8CC8B500BB0096 /* FirebaseFunctionsCombine-Community */,
				29DAF3892A8CC8B500BB0096 /* FirebaseInAppMessaging-Beta */,
				29DAF38B2A8CC8B500BB0096 /* FirebaseInAppMessagingSwift-Beta */,
				29DAF38D2A8CC8B500BB0096 /* FirebaseInstallations */,
				29DAF38F2A8CC8B500BB0096 /* FirebaseMessaging */,
				29DAF3912A8CC8B500BB0096 /* FirebaseMLModelDownloader */,
				29DAF3932A8CC8B500BB0096 /* FirebasePerformance */,
				29DAF3952A8CC8B500BB0096 /* FirebaseRemoteConfig */,
				29DAF3972A8CC8B500BB0096 /* FirebaseRemoteConfigSwift */,
				29DAF3992A8CC8B500BB0096 /* FirebaseStorage */,
				29DAF39B2A8CC8B500BB0096 /* FirebaseStorageCombine-Community */,
				29DAF39D2A8CC8BF00BB0096 /* SDWebImage */,
				29DAF39F2A8CC8BF00BB0096 /* SDWebImageMapKit */,
				29DAF3A12A8CC8BF00BB0096 /* JGProgressHUD */,
			);
			productName = ChatApp;
			productReference = 29AFDCA12A84B785008AB9C9 /* ChatApp.app */;
			productType = "com.apple.product-type.application";
		};
/* End PBXNativeTarget section */

/* Begin PBXProject section */
		29AFDC992A84B785008AB9C9 /* Project object */ = {
			isa = PBXProject;
			attributes = {
				BuildIndependentTargetsInParallel = 1;
				LastSwiftUpdateCheck = 1430;
				LastUpgradeCheck = 1430;
				TargetAttributes = {
					29AFDCA02A84B785008AB9C9 = {
						CreatedOnToolsVersion = 14.3.1;
					};
				};
			};
			buildConfigurationList = 29AFDC9C2A84B785008AB9C9 /* Build configuration list for PBXProject "ChatApp" */;
			compatibilityVersion = "Xcode 14.0";
			developmentRegion = en;
			hasScannedForEncodings = 0;
			knownRegions = (
				en,
				Base,
			);
			mainGroup = 29AFDC982A84B785008AB9C9;
			packageReferences = (
				290A40542A8A6D470038B10F /* XCRemoteSwiftPackageReference "firebase-ios-sdk" */,
				290A40672A8A6DF20038B10F /* XCRemoteSwiftPackageReference "SDWebImage" */,
				290A406A2A8A6E3B0038B10F /* XCRemoteSwiftPackageReference "JGProgressHUD" */,
			);
			productRefGroup = 29AFDCA22A84B785008AB9C9 /* Products */;
			projectDirPath = "";
			projectRoot = "";
			targets = (
				29AFDCA02A84B785008AB9C9 /* ChatApp */,
			);
		};
/* End PBXProject section */

/* Begin PBXResourcesBuildPhase section */
		29AFDC9F2A84B785008AB9C9 /* Resources */ = {
			isa = PBXResourcesBuildPhase;
			buildActionMask = 2147483647;
			files = (
				29AFDCB12A84B786008AB9C9 /* LaunchScreen.storyboard in Resources */,
				29AFDCAE2A84B786008AB9C9 /* Assets.xcassets in Resources */,
				290A40532A8A6BA30038B10F /* GoogleService-Info.plist in Resources */,
				29AFDCAC2A84B785008AB9C9 /* Main.storyboard in Resources */,
			);
			runOnlyForDeploymentPostprocessing = 0;
		};
/* End PBXResourcesBuildPhase section */

/* Begin PBXSourcesBuildPhase section */
		29AFDC9D2A84B785008AB9C9 /* Sources */ = {
			isa = PBXSourcesBuildPhase;
			buildActionMask = 2147483647;
			files = (
				29FDCF842AA74998007E395A /* ProfileController.swift in Sources */,
				29AFDCA92A84B785008AB9C9 /* ViewController.swift in Sources */,
				293325B12AA5F680003B9D51 /* Constants.swift in Sources */,
				295A4BCE2AA8592B00AFD995 /* ProfileViewModel.swift in Sources */,
				290A40502A8A54D40038B10F /* RegistrationViewModel.swift in Sources */,
				29B61A6F2A87676A0099C17D /* InputContainerView.swift in Sources */,
				29443C3A2A9C8A05005288EF /* AuthService.swift in Sources */,
				295A4BD22AA868EC00AFD995 /* ProfileFooterView.swift in Sources */,
				293325AF2AA5C449003B9D51 /* MessageViewModel.swift in Sources */,
				29AFDCC42A84E023008AB9C9 /* LoginController.swift in Sources */,
				29AFDCA52A84B785008AB9C9 /* AppDelegate.swift in Sources */,
				29443C3E2A9CDA64005288EF /* UserCell.swift in Sources */,
				29AFDCBF2A84B855008AB9C9 /* ConversationController.swift in Sources */,
				29B518602A9E1EC100687984 /* User.swift in Sources */,
				295A4BD02AA85AA900AFD995 /* ProfileCell.swift in Sources */,
				29B518622A9E1F5700687984 /* Service.swift in Sources */,
				293325AB2AA5B7F4003B9D51 /* MessageCell.swift in Sources */,
				29FDCF822AA7109C007E395A /* ConversationViewModel.swift in Sources */,
				29AFDCC22A84E018008AB9C9 /* RegistrationController.swift in Sources */,
				29AFDCA72A84B785008AB9C9 /* SceneDelegate.swift in Sources */,
				29AFDCC82A84E338008AB9C9 /* Extensions.swift in Sources */,
				29FDCF872AA74B0A007E395A /* ProfileHeader.swift in Sources */,
				290A404E2A8A21E30038B10F /* LoginViewModel.swift in Sources */,
				29C17BEB2AA07A73005E3A09 /* ChatController.swift in Sources */,
				29B61A712A876A5B0099C17D /* CustomTextField.swift in Sources */,
				29FDCF802AA70D3C007E395A /* ConversationCell.swift in Sources */,
				293325AD2AA5C172003B9D51 /* Message.swift in Sources */,
				29443C3C2A9CBDA4005288EF /* NewMessageController.swift in Sources */,
				293325A92AA5AD55003B9D51 /* CustomInputAccessoryView.swift in Sources */,
			);
			runOnlyForDeploymentPostprocessing = 0;
		};
/* End PBXSourcesBuildPhase section */

/* Begin PBXVariantGroup section */
		29AFDCAA2A84B785008AB9C9 /* Main.storyboard */ = {
			isa = PBXVariantGroup;
			children = (
				29AFDCAB2A84B785008AB9C9 /* Base */,
			);
			name = Main.storyboard;
			sourceTree = "<group>";
		};
		29AFDCAF2A84B786008AB9C9 /* LaunchScreen.storyboard */ = {
			isa = PBXVariantGroup;
			children = (
				29AFDCB02A84B786008AB9C9 /* Base */,
			);
			name = LaunchScreen.storyboard;
			sourceTree = "<group>";
		};
/* End PBXVariantGroup section */

/* Begin XCBuildConfiguration section */
		29AFDCB32A84B786008AB9C9 /* Debug */ = {
			isa = XCBuildConfiguration;
			buildSettings = {
				ALWAYS_SEARCH_USER_PATHS = NO;
				CLANG_ANALYZER_NONNULL = YES;
				CLANG_ANALYZER_NUMBER_OBJECT_CONVERSION = YES_AGGRESSIVE;
				CLANG_CXX_LANGUAGE_STANDARD = "gnu++20";
				CLANG_ENABLE_MODULES = YES;
				CLANG_ENABLE_OBJC_ARC = YES;
				CLANG_ENABLE_OBJC_WEAK = YES;
				CLANG_WARN_BLOCK_CAPTURE_AUTORELEASING = YES;
				CLANG_WARN_BOOL_CONVERSION = YES;
				CLANG_WARN_COMMA = YES;
				CLANG_WARN_CONSTANT_CONVERSION = YES;
				CLANG_WARN_DEPRECATED_OBJC_IMPLEMENTATIONS = YES;
				CLANG_WARN_DIRECT_OBJC_ISA_USAGE = YES_ERROR;
				CLANG_WARN_DOCUMENTATION_COMMENTS = YES;
				CLANG_WARN_EMPTY_BODY = YES;
				CLANG_WARN_ENUM_CONVERSION = YES;
				CLANG_WARN_INFINITE_RECURSION = YES;
				CLANG_WARN_INT_CONVERSION = YES;
				CLANG_WARN_NON_LITERAL_NULL_CONVERSION = YES;
				CLANG_WARN_OBJC_IMPLICIT_RETAIN_SELF = YES;
				CLANG_WARN_OBJC_LITERAL_CONVERSION = YES;
				CLANG_WARN_OBJC_ROOT_CLASS = YES_ERROR;
				CLANG_WARN_QUOTED_INCLUDE_IN_FRAMEWORK_HEADER = YES;
				CLANG_WARN_RANGE_LOOP_ANALYSIS = YES;
				CLANG_WARN_STRICT_PROTOTYPES = YES;
				CLANG_WARN_SUSPICIOUS_MOVE = YES;
				CLANG_WARN_UNGUARDED_AVAILABILITY = YES_AGGRESSIVE;
				CLANG_WARN_UNREACHABLE_CODE = YES;
				CLANG_WARN__DUPLICATE_METHOD_MATCH = YES;
				COPY_PHASE_STRIP = NO;
				DEBUG_INFORMATION_FORMAT = dwarf;
				ENABLE_STRICT_OBJC_MSGSEND = YES;
				ENABLE_TESTABILITY = YES;
				GCC_C_LANGUAGE_STANDARD = gnu11;
				GCC_DYNAMIC_NO_PIC = NO;
				GCC_NO_COMMON_BLOCKS = YES;
				GCC_OPTIMIZATION_LEVEL = 0;
				GCC_PREPROCESSOR_DEFINITIONS = (
					"DEBUG=1",
					"$(inherited)",
				);
				GCC_WARN_64_TO_32_BIT_CONVERSION = YES;
				GCC_WARN_ABOUT_RETURN_TYPE = YES_ERROR;
				GCC_WARN_UNDECLARED_SELECTOR = YES;
				GCC_WARN_UNINITIALIZED_AUTOS = YES_AGGRESSIVE;
				GCC_WARN_UNUSED_FUNCTION = YES;
				GCC_WARN_UNUSED_VARIABLE = YES;
				IPHONEOS_DEPLOYMENT_TARGET = 16.4;
				MTL_ENABLE_DEBUG_INFO = INCLUDE_SOURCE;
				MTL_FAST_MATH = YES;
				ONLY_ACTIVE_ARCH = YES;
				SDKROOT = iphoneos;
				SWIFT_ACTIVE_COMPILATION_CONDITIONS = DEBUG;
				SWIFT_OPTIMIZATION_LEVEL = "-Onone";
			};
			name = Debug;
		};
		29AFDCB42A84B786008AB9C9 /* Release */ = {
			isa = XCBuildConfiguration;
			buildSettings = {
				ALWAYS_SEARCH_USER_PATHS = NO;
				CLANG_ANALYZER_NONNULL = YES;
				CLANG_ANALYZER_NUMBER_OBJECT_CONVERSION = YES_AGGRESSIVE;
				CLANG_CXX_LANGUAGE_STANDARD = "gnu++20";
				CLANG_ENABLE_MODULES = YES;
				CLANG_ENABLE_OBJC_ARC = YES;
				CLANG_ENABLE_OBJC_WEAK = YES;
				CLANG_WARN_BLOCK_CAPTURE_AUTORELEASING = YES;
				CLANG_WARN_BOOL_CONVERSION = YES;
				CLANG_WARN_COMMA = YES;
				CLANG_WARN_CONSTANT_CONVERSION = YES;
				CLANG_WARN_DEPRECATED_OBJC_IMPLEMENTATIONS = YES;
				CLANG_WARN_DIRECT_OBJC_ISA_USAGE = YES_ERROR;
				CLANG_WARN_DOCUMENTATION_COMMENTS = YES;
				CLANG_WARN_EMPTY_BODY = YES;
				CLANG_WARN_ENUM_CONVERSION = YES;
				CLANG_WARN_INFINITE_RECURSION = YES;
				CLANG_WARN_INT_CONVERSION = YES;
				CLANG_WARN_NON_LITERAL_NULL_CONVERSION = YES;
				CLANG_WARN_OBJC_IMPLICIT_RETAIN_SELF = YES;
				CLANG_WARN_OBJC_LITERAL_CONVERSION = YES;
				CLANG_WARN_OBJC_ROOT_CLASS = YES_ERROR;
				CLANG_WARN_QUOTED_INCLUDE_IN_FRAMEWORK_HEADER = YES;
				CLANG_WARN_RANGE_LOOP_ANALYSIS = YES;
				CLANG_WARN_STRICT_PROTOTYPES = YES;
				CLANG_WARN_SUSPICIOUS_MOVE = YES;
				CLANG_WARN_UNGUARDED_AVAILABILITY = YES_AGGRESSIVE;
				CLANG_WARN_UNREACHABLE_CODE = YES;
				CLANG_WARN__DUPLICATE_METHOD_MATCH = YES;
				COPY_PHASE_STRIP = NO;
				DEBUG_INFORMATION_FORMAT = "dwarf-with-dsym";
				ENABLE_NS_ASSERTIONS = NO;
				ENABLE_STRICT_OBJC_MSGSEND = YES;
				GCC_C_LANGUAGE_STANDARD = gnu11;
				GCC_NO_COMMON_BLOCKS = YES;
				GCC_WARN_64_TO_32_BIT_CONVERSION = YES;
				GCC_WARN_ABOUT_RETURN_TYPE = YES_ERROR;
				GCC_WARN_UNDECLARED_SELECTOR = YES;
				GCC_WARN_UNINITIALIZED_AUTOS = YES_AGGRESSIVE;
				GCC_WARN_UNUSED_FUNCTION = YES;
				GCC_WARN_UNUSED_VARIABLE = YES;
				IPHONEOS_DEPLOYMENT_TARGET = 16.4;
				MTL_ENABLE_DEBUG_INFO = NO;
				MTL_FAST_MATH = YES;
				SDKROOT = iphoneos;
				SWIFT_COMPILATION_MODE = wholemodule;
				SWIFT_OPTIMIZATION_LEVEL = "-O";
				VALIDATE_PRODUCT = YES;
			};
			name = Release;
		};
		29AFDCB62A84B786008AB9C9 /* Debug */ = {
			isa = XCBuildConfiguration;
			buildSettings = {
				ASSETCATALOG_COMPILER_APPICON_NAME = AppIcon;
				ASSETCATALOG_COMPILER_GLOBAL_ACCENT_COLOR_NAME = AccentColor;
				CODE_SIGN_STYLE = Automatic;
				CURRENT_PROJECT_VERSION = 1;
				DEVELOPMENT_TEAM = 46J936NABV;
				GENERATE_INFOPLIST_FILE = YES;
				INFOPLIST_FILE = ChatApp/Info.plist;
				INFOPLIST_KEY_CFBundleDisplayName = ChatApp;
				INFOPLIST_KEY_UIApplicationSupportsIndirectInputEvents = YES;
				INFOPLIST_KEY_UILaunchStoryboardName = LaunchScreen;
				INFOPLIST_KEY_UIMainStoryboardFile = Main;
				INFOPLIST_KEY_UISupportedInterfaceOrientations = UIInterfaceOrientationPortrait;
				LD_RUNPATH_SEARCH_PATHS = (
					"$(inherited)",
					"@executable_path/Frameworks",
				);
				MARKETING_VERSION = 1.0;
				PRODUCT_BUNDLE_IDENTIFIER = "com.Je-re-my-Perez.ChatApp";
				PRODUCT_NAME = "$(TARGET_NAME)";
				SWIFT_EMIT_LOC_STRINGS = YES;
				SWIFT_VERSION = 5.0;
				TARGETED_DEVICE_FAMILY = "1,2";
			};
			name = Debug;
		};
		29AFDCB72A84B786008AB9C9 /* Release */ = {
			isa = XCBuildConfiguration;
			buildSettings = {
				ASSETCATALOG_COMPILER_APPICON_NAME = AppIcon;
				ASSETCATALOG_COMPILER_GLOBAL_ACCENT_COLOR_NAME = AccentColor;
				CODE_SIGN_STYLE = Automatic;
				CURRENT_PROJECT_VERSION = 1;
				DEVELOPMENT_TEAM = 46J936NABV;
				GENERATE_INFOPLIST_FILE = YES;
				INFOPLIST_FILE = ChatApp/Info.plist;
				INFOPLIST_KEY_CFBundleDisplayName = ChatApp;
				INFOPLIST_KEY_UIApplicationSupportsIndirectInputEvents = YES;
				INFOPLIST_KEY_UILaunchStoryboardName = LaunchScreen;
				INFOPLIST_KEY_UIMainStoryboardFile = Main;
				INFOPLIST_KEY_UISupportedInterfaceOrientations = UIInterfaceOrientationPortrait;
				LD_RUNPATH_SEARCH_PATHS = (
					"$(inherited)",
					"@executable_path/Frameworks",
				);
				MARKETING_VERSION = 1.0;
				PRODUCT_BUNDLE_IDENTIFIER = "com.Je-re-my-Perez.ChatApp";
				PRODUCT_NAME = "$(TARGET_NAME)";
				SWIFT_EMIT_LOC_STRINGS = YES;
				SWIFT_VERSION = 5.0;
				TARGETED_DEVICE_FAMILY = "1,2";
			};
			name = Release;
		};
/* End XCBuildConfiguration section */

/* Begin XCConfigurationList section */
		29AFDC9C2A84B785008AB9C9 /* Build configuration list for PBXProject "ChatApp" */ = {
			isa = XCConfigurationList;
			buildConfigurations = (
				29AFDCB32A84B786008AB9C9 /* Debug */,
				29AFDCB42A84B786008AB9C9 /* Release */,
			);
			defaultConfigurationIsVisible = 0;
			defaultConfigurationName = Release;
		};
		29AFDCB52A84B786008AB9C9 /* Build configuration list for PBXNativeTarget "ChatApp" */ = {
			isa = XCConfigurationList;
			buildConfigurations = (
				29AFDCB62A84B786008AB9C9 /* Debug */,
				29AFDCB72A84B786008AB9C9 /* Release */,
			);
			defaultConfigurationIsVisible = 0;
			defaultConfigurationName = Release;
		};
/* End XCConfigurationList section */

/* Begin XCRemoteSwiftPackageReference section */
		290A40542A8A6D470038B10F /* XCRemoteSwiftPackageReference "firebase-ios-sdk" */ = {
			isa = XCRemoteSwiftPackageReference;
			repositoryURL = "https://github.com/firebase/firebase-ios-sdk";
			requirement = {
				kind = upToNextMajorVersion;
				minimumVersion = 10.0.0;
			};
		};
		290A40672A8A6DF20038B10F /* XCRemoteSwiftPackageReference "SDWebImage" */ = {
			isa = XCRemoteSwiftPackageReference;
			repositoryURL = "https://github.com/SDWebImage/SDWebImage.git";
			requirement = {
				kind = upToNextMajorVersion;
				minimumVersion = 5.0.0;
			};
		};
		290A406A2A8A6E3B0038B10F /* XCRemoteSwiftPackageReference "JGProgressHUD" */ = {
			isa = XCRemoteSwiftPackageReference;
			repositoryURL = "https://github.com/JonasGessner/JGProgressHUD.git";
			requirement = {
				kind = upToNextMajorVersion;
				minimumVersion = 2.0.0;
			};
		};
/* End XCRemoteSwiftPackageReference section */

/* Begin XCSwiftPackageProductDependency section */
		29DAF3672A8CC8B500BB0096 /* FirebaseAnalytics */ = {
			isa = XCSwiftPackageProductDependency;
			package = 290A40542A8A6D470038B10F /* XCRemoteSwiftPackageReference "firebase-ios-sdk" */;
			productName = FirebaseAnalytics;
		};
		29DAF3692A8CC8B500BB0096 /* FirebaseAnalyticsOnDeviceConversion */ = {
			isa = XCSwiftPackageProductDependency;
			package = 290A40542A8A6D470038B10F /* XCRemoteSwiftPackageReference "firebase-ios-sdk" */;
			productName = FirebaseAnalyticsOnDeviceConversion;
		};
		29DAF36B2A8CC8B500BB0096 /* FirebaseAnalyticsSwift */ = {
			isa = XCSwiftPackageProductDependency;
			package = 290A40542A8A6D470038B10F /* XCRemoteSwiftPackageReference "firebase-ios-sdk" */;
			productName = FirebaseAnalyticsSwift;
		};
		29DAF36D2A8CC8B500BB0096 /* FirebaseAnalyticsWithoutAdIdSupport */ = {
			isa = XCSwiftPackageProductDependency;
			package = 290A40542A8A6D470038B10F /* XCRemoteSwiftPackageReference "firebase-ios-sdk" */;
			productName = FirebaseAnalyticsWithoutAdIdSupport;
		};
		29DAF36F2A8CC8B500BB0096 /* FirebaseAppCheck */ = {
			isa = XCSwiftPackageProductDependency;
			package = 290A40542A8A6D470038B10F /* XCRemoteSwiftPackageReference "firebase-ios-sdk" */;
			productName = FirebaseAppCheck;
		};
		29DAF3712A8CC8B500BB0096 /* FirebaseAppDistribution-Beta */ = {
			isa = XCSwiftPackageProductDependency;
			package = 290A40542A8A6D470038B10F /* XCRemoteSwiftPackageReference "firebase-ios-sdk" */;
			productName = "FirebaseAppDistribution-Beta";
		};
		29DAF3732A8CC8B500BB0096 /* FirebaseAuth */ = {
			isa = XCSwiftPackageProductDependency;
			package = 290A40542A8A6D470038B10F /* XCRemoteSwiftPackageReference "firebase-ios-sdk" */;
			productName = FirebaseAuth;
		};
		29DAF3752A8CC8B500BB0096 /* FirebaseAuthCombine-Community */ = {
			isa = XCSwiftPackageProductDependency;
			package = 290A40542A8A6D470038B10F /* XCRemoteSwiftPackageReference "firebase-ios-sdk" */;
			productName = "FirebaseAuthCombine-Community";
		};
		29DAF3772A8CC8B500BB0096 /* FirebaseCrashlytics */ = {
			isa = XCSwiftPackageProductDependency;
			package = 290A40542A8A6D470038B10F /* XCRemoteSwiftPackageReference "firebase-ios-sdk" */;
			productName = FirebaseCrashlytics;
		};
		29DAF3792A8CC8B500BB0096 /* FirebaseDatabase */ = {
			isa = XCSwiftPackageProductDependency;
			package = 290A40542A8A6D470038B10F /* XCRemoteSwiftPackageReference "firebase-ios-sdk" */;
			productName = FirebaseDatabase;
		};
		29DAF37B2A8CC8B500BB0096 /* FirebaseDatabaseSwift */ = {
			isa = XCSwiftPackageProductDependency;
			package = 290A40542A8A6D470038B10F /* XCRemoteSwiftPackageReference "firebase-ios-sdk" */;
			productName = FirebaseDatabaseSwift;
		};
		29DAF37D2A8CC8B500BB0096 /* FirebaseDynamicLinks */ = {
			isa = XCSwiftPackageProductDependency;
			package = 290A40542A8A6D470038B10F /* XCRemoteSwiftPackageReference "firebase-ios-sdk" */;
			productName = FirebaseDynamicLinks;
		};
		29DAF37F2A8CC8B500BB0096 /* FirebaseFirestore */ = {
			isa = XCSwiftPackageProductDependency;
			package = 290A40542A8A6D470038B10F /* XCRemoteSwiftPackageReference "firebase-ios-sdk" */;
			productName = FirebaseFirestore;
		};
		29DAF3812A8CC8B500BB0096 /* FirebaseFirestoreCombine-Community */ = {
			isa = XCSwiftPackageProductDependency;
			package = 290A40542A8A6D470038B10F /* XCRemoteSwiftPackageReference "firebase-ios-sdk" */;
			productName = "FirebaseFirestoreCombine-Community";
		};
		29DAF3832A8CC8B500BB0096 /* FirebaseFirestoreSwift */ = {
			isa = XCSwiftPackageProductDependency;
			package = 290A40542A8A6D470038B10F /* XCRemoteSwiftPackageReference "firebase-ios-sdk" */;
			productName = FirebaseFirestoreSwift;
		};
		29DAF3852A8CC8B500BB0096 /* FirebaseFunctions */ = {
			isa = XCSwiftPackageProductDependency;
			package = 290A40542A8A6D470038B10F /* XCRemoteSwiftPackageReference "firebase-ios-sdk" */;
			productName = FirebaseFunctions;
		};
		29DAF3872A8CC8B500BB0096 /* FirebaseFunctionsCombine-Community */ = {
			isa = XCSwiftPackageProductDependency;
			package = 290A40542A8A6D470038B10F /* XCRemoteSwiftPackageReference "firebase-ios-sdk" */;
			productName = "FirebaseFunctionsCombine-Community";
		};
		29DAF3892A8CC8B500BB0096 /* FirebaseInAppMessaging-Beta */ = {
			isa = XCSwiftPackageProductDependency;
			package = 290A40542A8A6D470038B10F /* XCRemoteSwiftPackageReference "firebase-ios-sdk" */;
			productName = "FirebaseInAppMessaging-Beta";
		};
		29DAF38B2A8CC8B500BB0096 /* FirebaseInAppMessagingSwift-Beta */ = {
			isa = XCSwiftPackageProductDependency;
			package = 290A40542A8A6D470038B10F /* XCRemoteSwiftPackageReference "firebase-ios-sdk" */;
			productName = "FirebaseInAppMessagingSwift-Beta";
		};
		29DAF38D2A8CC8B500BB0096 /* FirebaseInstallations */ = {
			isa = XCSwiftPackageProductDependency;
			package = 290A40542A8A6D470038B10F /* XCRemoteSwiftPackageReference "firebase-ios-sdk" */;
			productName = FirebaseInstallations;
		};
		29DAF38F2A8CC8B500BB0096 /* FirebaseMessaging */ = {
			isa = XCSwiftPackageProductDependency;
			package = 290A40542A8A6D470038B10F /* XCRemoteSwiftPackageReference "firebase-ios-sdk" */;
			productName = FirebaseMessaging;
		};
		29DAF3912A8CC8B500BB0096 /* FirebaseMLModelDownloader */ = {
			isa = XCSwiftPackageProductDependency;
			package = 290A40542A8A6D470038B10F /* XCRemoteSwiftPackageReference "firebase-ios-sdk" */;
			productName = FirebaseMLModelDownloader;
		};
		29DAF3932A8CC8B500BB0096 /* FirebasePerformance */ = {
			isa = XCSwiftPackageProductDependency;
			package = 290A40542A8A6D470038B10F /* XCRemoteSwiftPackageReference "firebase-ios-sdk" */;
			productName = FirebasePerformance;
		};
		29DAF3952A8CC8B500BB0096 /* FirebaseRemoteConfig */ = {
			isa = XCSwiftPackageProductDependency;
			package = 290A40542A8A6D470038B10F /* XCRemoteSwiftPackageReference "firebase-ios-sdk" */;
			productName = FirebaseRemoteConfig;
		};
		29DAF3972A8CC8B500BB0096 /* FirebaseRemoteConfigSwift */ = {
			isa = XCSwiftPackageProductDependency;
			package = 290A40542A8A6D470038B10F /* XCRemoteSwiftPackageReference "firebase-ios-sdk" */;
			productName = FirebaseRemoteConfigSwift;
		};
		29DAF3992A8CC8B500BB0096 /* FirebaseStorage */ = {
			isa = XCSwiftPackageProductDependency;
			package = 290A40542A8A6D470038B10F /* XCRemoteSwiftPackageReference "firebase-ios-sdk" */;
			productName = FirebaseStorage;
		};
		29DAF39B2A8CC8B500BB0096 /* FirebaseStorageCombine-Community */ = {
			isa = XCSwiftPackageProductDependency;
			package = 290A40542A8A6D470038B10F /* XCRemoteSwiftPackageReference "firebase-ios-sdk" */;
			productName = "FirebaseStorageCombine-Community";
		};
		29DAF39D2A8CC8BF00BB0096 /* SDWebImage */ = {
			isa = XCSwiftPackageProductDependency;
			package = 290A40672A8A6DF20038B10F /* XCRemoteSwiftPackageReference "SDWebImage" */;
			productName = SDWebImage;
		};
		29DAF39F2A8CC8BF00BB0096 /* SDWebImageMapKit */ = {
			isa = XCSwiftPackageProductDependency;
			package = 290A40672A8A6DF20038B10F /* XCRemoteSwiftPackageReference "SDWebImage" */;
			productName = SDWebImageMapKit;
		};
		29DAF3A12A8CC8BF00BB0096 /* JGProgressHUD */ = {
			isa = XCSwiftPackageProductDependency;
			package = 290A406A2A8A6E3B0038B10F /* XCRemoteSwiftPackageReference "JGProgressHUD" */;
			productName = JGProgressHUD;
		};
/* End XCSwiftPackageProductDependency section */
	};
	rootObject = 29AFDC992A84B785008AB9C9 /* Project object */;
}
