// !$*UTF8*$!
{
	archiveVersion = 1;
	classes = {
	};
	objectVersion = 56;
	objects = {

/* Begin PBXBuildFile section */
		29AFDCA52A84B785008AB9C9 /* AppDelegate.swift in Sources */ = {isa = PBXBuildFile; fileRef = 29AFDCA42A84B785008AB9C9 /* AppDelegate.swift */; };
		29AFDCA72A84B785008AB9C9 /* SceneDelegate.swift in Sources */ = {isa = PBXBuildFile; fileRef = 29AFDCA62A84B785008AB9C9 /* SceneDelegate.swift */; };
		29AFDCA92A84B785008AB9C9 /* ViewController.swift in Sources */ = {isa = PBXBuildFile; fileRef = 29AFDCA82A84B785008AB9C9 /* ViewController.swift */; };
		29AFDCAC2A84B785008AB9C9 /* Main.storyboard in Resources */ = {isa = PBXBuildFile; fileRef = 29AFDCAA2A84B785008AB9C9 /* Main.storyboard */; };
		29AFDCAE2A84B786008AB9C9 /* Assets.xcassets in Resources */ = {isa = PBXBuildFile; fileRef = 29AFDCAD2A84B786008AB9C9 /* Assets.xcassets */; };
		29AFDCB12A84B786008AB9C9 /* LaunchScreen.storyboard in Resources */ = {isa = PBXBuildFile; fileRef = 29AFDCAF2A84B786008AB9C9 /* LaunchScreen.storyboard */; };
		29AFDCBF2A84B855008AB9C9 /* ConversationController.swift in Sources */ = {isa = PBXBuildFile; fileRef = 29AFDCBE2A84B855008AB9C9 /* ConversationController.swift */; };
		29AFDCC22A84E018008AB9C9 /* RegistrationController.swift in Sources */ = {isa = PBXBuildFile; fileRef = 29AFDCC12A84E018008AB9C9 /* RegistrationController.swift */; };
		29AFDCC42A84E023008AB9C9 /* LoginController.swift in Sources */ = {isa = PBXBuildFile; fileRef = 29AFDCC32A84E023008AB9C9 /* LoginController.swift */; };
		29AFDCC82A84E338008AB9C9 /* Extensions.swift in Sources */ = {isa = PBXBuildFile; fileRef = 29AFDCC72A84E338008AB9C9 /* Extensions.swift */; };
/* End PBXBuildFile section */

/* Begin PBXFileReference section */
		29AFDCA12A84B785008AB9C9 /* ChatApp.app */ = {isa = PBXFileReference; explicitFileType = wrapper.application; includeInIndex = 0; path = ChatApp.app; sourceTree = BUILT_PRODUCTS_DIR; };
		29AFDCA42A84B785008AB9C9 /* AppDelegate.swift */ = {isa = PBXFileReference; lastKnownFileType = sourcecode.swift; path = AppDelegate.swift; sourceTree = "<group>"; };
		29AFDCA62A84B785008AB9C9 /* SceneDelegate.swift */ = {isa = PBXFileReference; lastKnownFileType = sourcecode.swift; path = SceneDelegate.swift; sourceTree = "<group>"; };
		29AFDCA82A84B785008AB9C9 /* ViewController.swift */ = {isa = PBXFileReference; lastKnownFileType = sourcecode.swift; path = ViewController.swift; sourceTree = "<group>"; };
		29AFDCAB2A84B785008AB9C9 /* Base */ = {isa = PBXFileReference; lastKnownFileType = file.storyboard; name = Base; path = Base.lproj/Main.storyboard; sourceTree = "<group>"; };
		29AFDCAD2A84B786008AB9C9 /* Assets.xcassets */ = {isa = PBXFileReference; lastKnownFileType = folder.assetcatalog; path = Assets.xcassets; sourceTree = "<group>"; };
		29AFDCB02A84B786008AB9C9 /* Base */ = {isa = PBXFileReference; lastKnownFileType = file.storyboard; name = Base; path = Base.lproj/LaunchScreen.storyboard; sourceTree = "<group>"; };
		29AFDCB22A84B786008AB9C9 /* Info.plist */ = {isa = PBXFileReference; lastKnownFileType = text.plist.xml; path = Info.plist; sourceTree = "<group>"; };
		29AFDCBE2A84B855008AB9C9 /* ConversationController.swift */ = {isa = PBXFileReference; lastKnownFileType = sourcecode.swift; path = ConversationController.swift; sourceTree = "<group>"; };
		29AFDCC12A84E018008AB9C9 /* RegistrationController.swift */ = {isa = PBXFileReference; lastKnownFileType = sourcecode.swift; path = RegistrationController.swift; sourceTree = "<group>"; };
		29AFDCC32A84E023008AB9C9 /* LoginController.swift */ = {isa = PBXFileReference; lastKnownFileType = sourcecode.swift; path = LoginController.swift; sourceTree = "<group>"; };
		29AFDCC72A84E338008AB9C9 /* Extensions.swift */ = {isa = PBXFileReference; lastKnownFileType = sourcecode.swift; path = Extensions.swift; sourceTree = "<group>"; };
/* End PBXFileReference section */

/* Begin PBXFrameworksBuildPhase section */
		29AFDC9E2A84B785008AB9C9 /* Frameworks */ = {
			isa = PBXFrameworksBuildPhase;
			buildActionMask = 2147483647;
			files = (
			);
			runOnlyForDeploymentPostprocessing = 0;
		};
/* End PBXFrameworksBuildPhase section */

/* Begin PBXGroup section */
		29AFDC982A84B785008AB9C9 = {
			isa = PBXGroup;
			children = (
				29AFDCA32A84B785008AB9C9 /* ChatApp */,
				29AFDCA22A84B785008AB9C9 /* Products */,
			);
			sourceTree = "<group>";
		};
		29AFDCA22A84B785008AB9C9 /* Products */ = {
			isa = PBXGroup;
			children = (
				29AFDCA12A84B785008AB9C9 /* ChatApp.app */,
			);
			name = Products;
			sourceTree = "<group>";
		};
		29AFDCA32A84B785008AB9C9 /* ChatApp */ = {
			isa = PBXGroup;
			children = (
				29AFDCBD2A84B7C6008AB9C9 /* Model */,
				29AFDCBC2A84B7C3008AB9C9 /* View */,
				29AFDCBB2A84B7C1008AB9C9 /* ViewModel */,
				29AFDCBA2A84B7BF008AB9C9 /* Controller */,
				29AFDCB92A84B7BC008AB9C9 /* API */,
				29AFDCB82A84B7BA008AB9C9 /* Utils */,
				29AFDCA42A84B785008AB9C9 /* AppDelegate.swift */,
				29AFDCA62A84B785008AB9C9 /* SceneDelegate.swift */,
				29AFDCA82A84B785008AB9C9 /* ViewController.swift */,
				29AFDCAA2A84B785008AB9C9 /* Main.storyboard */,
				29AFDCAD2A84B786008AB9C9 /* Assets.xcassets */,
				29AFDCAF2A84B786008AB9C9 /* LaunchScreen.storyboard */,
				29AFDCB22A84B786008AB9C9 /* Info.plist */,
			);
			path = ChatApp;
			sourceTree = "<group>";
		};
		29AFDCB82A84B7BA008AB9C9 /* Utils */ = {
			isa = PBXGroup;
			children = (
				29AFDCC72A84E338008AB9C9 /* Extensions.swift */,
			);
			path = Utils;
			sourceTree = "<group>";
		};
		29AFDCB92A84B7BC008AB9C9 /* API */ = {
			isa = PBXGroup;
			children = (
			);
			path = API;
			sourceTree = "<group>";
		};
		29AFDCBA2A84B7BF008AB9C9 /* Controller */ = {
			isa = PBXGroup;
			children = (
				29AFDCC02A84E002008AB9C9 /* Authentification */,
				29AFDCBE2A84B855008AB9C9 /* ConversationController.swift */,
			);
			path = Controller;
			sourceTree = "<group>";
		};
		29AFDCBB2A84B7C1008AB9C9 /* ViewModel */ = {
			isa = PBXGroup;
			children = (
			);
			path = ViewModel;
			sourceTree = "<group>";
		};
		29AFDCBC2A84B7C3008AB9C9 /* View */ = {
			isa = PBXGroup;
			children = (
			);
			path = View;
			sourceTree = "<group>";
		};
		29AFDCBD2A84B7C6008AB9C9 /* Model */ = {
			isa = PBXGroup;
			children = (
			);
			path = Model;
			sourceTree = "<group>";
		};
		29AFDCC02A84E002008AB9C9 /* Authentification */ = {
			isa = PBXGroup;
			children = (
				29AFDCC32A84E023008AB9C9 /* LoginController.swift */,
				29AFDCC12A84E018008AB9C9 /* RegistrationController.swift */,
			);
			path = Authentification;
			sourceTree = "<group>";
		};
/* End PBXGroup section */

/* Begin PBXNativeTarget section */
		29AFDCA02A84B785008AB9C9 /* ChatApp */ = {
			isa = PBXNativeTarget;
			buildConfigurationList = 29AFDCB52A84B786008AB9C9 /* Build configuration list for PBXNativeTarget "ChatApp" */;
			buildPhases = (
				29AFDC9D2A84B785008AB9C9 /* Sources */,
				29AFDC9E2A84B785008AB9C9 /* Frameworks */,
				29AFDC9F2A84B785008AB9C9 /* Resources */,
			);
			buildRules = (
			);
			dependencies = (
			);
			name = ChatApp;
			productName = ChatApp;
			productReference = 29AFDCA12A84B785008AB9C9 /* ChatApp.app */;
			productType = "com.apple.product-type.application";
		};
/* End PBXNativeTarget section */

/* Begin PBXProject section */
		29AFDC992A84B785008AB9C9 /* Project object */ = {
			isa = PBXProject;
			attributes = {
				BuildIndependentTargetsInParallel = 1;
				LastSwiftUpdateCheck = 1430;
				LastUpgradeCheck = 1430;
				TargetAttributes = {
					29AFDCA02A84B785008AB9C9 = {
						CreatedOnToolsVersion = 14.3.1;
					};
				};
			};
			buildConfigurationList = 29AFDC9C2A84B785008AB9C9 /* Build configuration list for PBXProject "ChatApp" */;
			compatibilityVersion = "Xcode 14.0";
			developmentRegion = en;
			hasScannedForEncodings = 0;
			knownRegions = (
				en,
				Base,
			);
			mainGroup = 29AFDC982A84B785008AB9C9;
			productRefGroup = 29AFDCA22A84B785008AB9C9 /* Products */;
			projectDirPath = "";
			projectRoot = "";
			targets = (
				29AFDCA02A84B785008AB9C9 /* ChatApp */,
			);
		};
/* End PBXProject section */

/* Begin PBXResourcesBuildPhase section */
		29AFDC9F2A84B785008AB9C9 /* Resources */ = {
			isa = PBXResourcesBuildPhase;
			buildActionMask = 2147483647;
			files = (
				29AFDCB12A84B786008AB9C9 /* LaunchScreen.storyboard in Resources */,
				29AFDCAE2A84B786008AB9C9 /* Assets.xcassets in Resources */,
				29AFDCAC2A84B785008AB9C9 /* Main.storyboard in Resources */,
			);
			runOnlyForDeploymentPostprocessing = 0;
		};
/* End PBXResourcesBuildPhase section */

/* Begin PBXSourcesBuildPhase section */
		29AFDC9D2A84B785008AB9C9 /* Sources */ = {
			isa = PBXSourcesBuildPhase;
			buildActionMask = 2147483647;
			files = (
				29AFDCA92A84B785008AB9C9 /* ViewController.swift in Sources */,
				29AFDCC42A84E023008AB9C9 /* LoginController.swift in Sources */,
				29AFDCA52A84B785008AB9C9 /* AppDelegate.swift in Sources */,
				29AFDCBF2A84B855008AB9C9 /* ConversationController.swift in Sources */,
				29AFDCC22A84E018008AB9C9 /* RegistrationController.swift in Sources */,
				29AFDCA72A84B785008AB9C9 /* SceneDelegate.swift in Sources */,
				29AFDCC82A84E338008AB9C9 /* Extensions.swift in Sources */,
			);
			runOnlyForDeploymentPostprocessing = 0;
		};
/* End PBXSourcesBuildPhase section */

/* Begin PBXVariantGroup section */
		29AFDCAA2A84B785008AB9C9 /* Main.storyboard */ = {
			isa = PBXVariantGroup;
			children = (
				29AFDCAB2A84B785008AB9C9 /* Base */,
			);
			name = Main.storyboard;
			sourceTree = "<group>";
		};
		29AFDCAF2A84B786008AB9C9 /* LaunchScreen.storyboard */ = {
			isa = PBXVariantGroup;
			children = (
				29AFDCB02A84B786008AB9C9 /* Base */,
			);
			name = LaunchScreen.storyboard;
			sourceTree = "<group>";
		};
/* End PBXVariantGroup section */

/* Begin XCBuildConfiguration section */
		29AFDCB32A84B786008AB9C9 /* Debug */ = {
			isa = XCBuildConfiguration;
			buildSettings = {
				ALWAYS_SEARCH_USER_PATHS = NO;
				CLANG_ANALYZER_NONNULL = YES;
				CLANG_ANALYZER_NUMBER_OBJECT_CONVERSION = YES_AGGRESSIVE;
				CLANG_CXX_LANGUAGE_STANDARD = "gnu++20";
				CLANG_ENABLE_MODULES = YES;
				CLANG_ENABLE_OBJC_ARC = YES;
				CLANG_ENABLE_OBJC_WEAK = YES;
				CLANG_WARN_BLOCK_CAPTURE_AUTORELEASING = YES;
				CLANG_WARN_BOOL_CONVERSION = YES;
				CLANG_WARN_COMMA = YES;
				CLANG_WARN_CONSTANT_CONVERSION = YES;
				CLANG_WARN_DEPRECATED_OBJC_IMPLEMENTATIONS = YES;
				CLANG_WARN_DIRECT_OBJC_ISA_USAGE = YES_ERROR;
				CLANG_WARN_DOCUMENTATION_COMMENTS = YES;
				CLANG_WARN_EMPTY_BODY = YES;
				CLANG_WARN_ENUM_CONVERSION = YES;
				CLANG_WARN_INFINITE_RECURSION = YES;
				CLANG_WARN_INT_CONVERSION = YES;
				CLANG_WARN_NON_LITERAL_NULL_CONVERSION = YES;
				CLANG_WARN_OBJC_IMPLICIT_RETAIN_SELF = YES;
				CLANG_WARN_OBJC_LITERAL_CONVERSION = YES;
				CLANG_WARN_OBJC_ROOT_CLASS = YES_ERROR;
				CLANG_WARN_QUOTED_INCLUDE_IN_FRAMEWORK_HEADER = YES;
				CLANG_WARN_RANGE_LOOP_ANALYSIS = YES;
				CLANG_WARN_STRICT_PROTOTYPES = YES;
				CLANG_WARN_SUSPICIOUS_MOVE = YES;
				CLANG_WARN_UNGUARDED_AVAILABILITY = YES_AGGRESSIVE;
				CLANG_WARN_UNREACHABLE_CODE = YES;
				CLANG_WARN__DUPLICATE_METHOD_MATCH = YES;
				COPY_PHASE_STRIP = NO;
				DEBUG_INFORMATION_FORMAT = dwarf;
				ENABLE_STRICT_OBJC_MSGSEND = YES;
				ENABLE_TESTABILITY = YES;
				GCC_C_LANGUAGE_STANDARD = gnu11;
				GCC_DYNAMIC_NO_PIC = NO;
				GCC_NO_COMMON_BLOCKS = YES;
				GCC_OPTIMIZATION_LEVEL = 0;
				GCC_PREPROCESSOR_DEFINITIONS = (
					"DEBUG=1",
					"$(inherited)",
				);
				GCC_WARN_64_TO_32_BIT_CONVERSION = YES;
				GCC_WARN_ABOUT_RETURN_TYPE = YES_ERROR;
				GCC_WARN_UNDECLARED_SELECTOR = YES;
				GCC_WARN_UNINITIALIZED_AUTOS = YES_AGGRESSIVE;
				GCC_WARN_UNUSED_FUNCTION = YES;
				GCC_WARN_UNUSED_VARIABLE = YES;
				IPHONEOS_DEPLOYMENT_TARGET = 16.4;
				MTL_ENABLE_DEBUG_INFO = INCLUDE_SOURCE;
				MTL_FAST_MATH = YES;
				ONLY_ACTIVE_ARCH = YES;
				SDKROOT = iphoneos;
				SWIFT_ACTIVE_COMPILATION_CONDITIONS = DEBUG;
				SWIFT_OPTIMIZATION_LEVEL = "-Onone";
			};
			name = Debug;
		};
		29AFDCB42A84B786008AB9C9 /* Release */ = {
			isa = XCBuildConfiguration;
			buildSettings = {
				ALWAYS_SEARCH_USER_PATHS = NO;
				CLANG_ANALYZER_NONNULL = YES;
				CLANG_ANALYZER_NUMBER_OBJECT_CONVERSION = YES_AGGRESSIVE;
				CLANG_CXX_LANGUAGE_STANDARD = "gnu++20";
				CLANG_ENABLE_MODULES = YES;
				CLANG_ENABLE_OBJC_ARC = YES;
				CLANG_ENABLE_OBJC_WEAK = YES;
				CLANG_WARN_BLOCK_CAPTURE_AUTORELEASING = YES;
				CLANG_WARN_BOOL_CONVERSION = YES;
				CLANG_WARN_COMMA = YES;
				CLANG_WARN_CONSTANT_CONVERSION = YES;
				CLANG_WARN_DEPRECATED_OBJC_IMPLEMENTATIONS = YES;
				CLANG_WARN_DIRECT_OBJC_ISA_USAGE = YES_ERROR;
				CLANG_WARN_DOCUMENTATION_COMMENTS = YES;
				CLANG_WARN_EMPTY_BODY = YES;
				CLANG_WARN_ENUM_CONVERSION = YES;
				CLANG_WARN_INFINITE_RECURSION = YES;
				CLANG_WARN_INT_CONVERSION = YES;
				CLANG_WARN_NON_LITERAL_NULL_CONVERSION = YES;
				CLANG_WARN_OBJC_IMPLICIT_RETAIN_SELF = YES;
				CLANG_WARN_OBJC_LITERAL_CONVERSION = YES;
				CLANG_WARN_OBJC_ROOT_CLASS = YES_ERROR;
				CLANG_WARN_QUOTED_INCLUDE_IN_FRAMEWORK_HEADER = YES;
				CLANG_WARN_RANGE_LOOP_ANALYSIS = YES;
				CLANG_WARN_STRICT_PROTOTYPES = YES;
				CLANG_WARN_SUSPICIOUS_MOVE = YES;
				CLANG_WARN_UNGUARDED_AVAILABILITY = YES_AGGRESSIVE;
				CLANG_WARN_UNREACHABLE_CODE = YES;
				CLANG_WARN__DUPLICATE_METHOD_MATCH = YES;
				COPY_PHASE_STRIP = NO;
				DEBUG_INFORMATION_FORMAT = "dwarf-with-dsym";
				ENABLE_NS_ASSERTIONS = NO;
				ENABLE_STRICT_OBJC_MSGSEND = YES;
				GCC_C_LANGUAGE_STANDARD = gnu11;
				GCC_NO_COMMON_BLOCKS = YES;
				GCC_WARN_64_TO_32_BIT_CONVERSION = YES;
				GCC_WARN_ABOUT_RETURN_TYPE = YES_ERROR;
				GCC_WARN_UNDECLARED_SELECTOR = YES;
				GCC_WARN_UNINITIALIZED_AUTOS = YES_AGGRESSIVE;
				GCC_WARN_UNUSED_FUNCTION = YES;
				GCC_WARN_UNUSED_VARIABLE = YES;
				IPHONEOS_DEPLOYMENT_TARGET = 16.4;
				MTL_ENABLE_DEBUG_INFO = NO;
				MTL_FAST_MATH = YES;
				SDKROOT = iphoneos;
				SWIFT_COMPILATION_MODE = wholemodule;
				SWIFT_OPTIMIZATION_LEVEL = "-O";
				VALIDATE_PRODUCT = YES;
			};
			name = Release;
		};
		29AFDCB62A84B786008AB9C9 /* Debug */ = {
			isa = XCBuildConfiguration;
			buildSettings = {
				ASSETCATALOG_COMPILER_APPICON_NAME = AppIcon;
				ASSETCATALOG_COMPILER_GLOBAL_ACCENT_COLOR_NAME = AccentColor;
				CODE_SIGN_STYLE = Automatic;
				CURRENT_PROJECT_VERSION = 1;
				DEVELOPMENT_TEAM = 46J936NABV;
				GENERATE_INFOPLIST_FILE = YES;
				INFOPLIST_FILE = ChatApp/Info.plist;
				INFOPLIST_KEY_UIApplicationSupportsIndirectInputEvents = YES;
				INFOPLIST_KEY_UILaunchStoryboardName = LaunchScreen;
				INFOPLIST_KEY_UIMainStoryboardFile = Main;
				INFOPLIST_KEY_UISupportedInterfaceOrientations_iPad = "UIInterfaceOrientationPortrait UIInterfaceOrientationPortraitUpsideDown UIInterfaceOrientationLandscapeLeft UIInterfaceOrientationLandscapeRight";
				INFOPLIST_KEY_UISupportedInterfaceOrientations_iPhone = "UIInterfaceOrientationPortrait UIInterfaceOrientationLandscapeLeft UIInterfaceOrientationLandscapeRight";
				LD_RUNPATH_SEARCH_PATHS = (
					"$(inherited)",
					"@executable_path/Frameworks",
				);
				MARKETING_VERSION = 1.0;
				PRODUCT_BUNDLE_IDENTIFIER = "com.Je-re-my-Perez.ChatApp";
				PRODUCT_NAME = "$(TARGET_NAME)";
				SWIFT_EMIT_LOC_STRINGS = YES;
				SWIFT_VERSION = 5.0;
				TARGETED_DEVICE_FAMILY = "1,2";
			};
			name = Debug;
		};
		29AFDCB72A84B786008AB9C9 /* Release */ = {
			isa = XCBuildConfiguration;
			buildSettings = {
				ASSETCATALOG_COMPILER_APPICON_NAME = AppIcon;
				ASSETCATALOG_COMPILER_GLOBAL_ACCENT_COLOR_NAME = AccentColor;
				CODE_SIGN_STYLE = Automatic;
				CURRENT_PROJECT_VERSION = 1;
				DEVELOPMENT_TEAM = 46J936NABV;
				GENERATE_INFOPLIST_FILE = YES;
				INFOPLIST_FILE = ChatApp/Info.plist;
				INFOPLIST_KEY_UIApplicationSupportsIndirectInputEvents = YES;
				INFOPLIST_KEY_UILaunchStoryboardName = LaunchScreen;
				INFOPLIST_KEY_UIMainStoryboardFile = Main;
				INFOPLIST_KEY_UISupportedInterfaceOrientations_iPad = "UIInterfaceOrientationPortrait UIInterfaceOrientationPortraitUpsideDown UIInterfaceOrientationLandscapeLeft UIInterfaceOrientationLandscapeRight";
				INFOPLIST_KEY_UISupportedInterfaceOrientations_iPhone = "UIInterfaceOrientationPortrait UIInterfaceOrientationLandscapeLeft UIInterfaceOrientationLandscapeRight";
				LD_RUNPATH_SEARCH_PATHS = (
					"$(inherited)",
					"@executable_path/Frameworks",
				);
				MARKETING_VERSION = 1.0;
				PRODUCT_BUNDLE_IDENTIFIER = "com.Je-re-my-Perez.ChatApp";
				PRODUCT_NAME = "$(TARGET_NAME)";
				SWIFT_EMIT_LOC_STRINGS = YES;
				SWIFT_VERSION = 5.0;
				TARGETED_DEVICE_FAMILY = "1,2";
			};
			name = Release;
		};
/* End XCBuildConfiguration section */

/* Begin XCConfigurationList section */
		29AFDC9C2A84B785008AB9C9 /* Build configuration list for PBXProject "ChatApp" */ = {
			isa = XCConfigurationList;
			buildConfigurations = (
				29AFDCB32A84B786008AB9C9 /* Debug */,
				29AFDCB42A84B786008AB9C9 /* Release */,
			);
			defaultConfigurationIsVisible = 0;
			defaultConfigurationName = Release;
		};
		29AFDCB52A84B786008AB9C9 /* Build configuration list for PBXNativeTarget "ChatApp" */ = {
			isa = XCConfigurationList;
			buildConfigurations = (
				29AFDCB62A84B786008AB9C9 /* Debug */,
				29AFDCB72A84B786008AB9C9 /* Release */,
			);
			defaultConfigurationIsVisible = 0;
			defaultConfigurationName = Release;
		};
/* End XCConfigurationList section */
	};
	rootObject = 29AFDC992A84B785008AB9C9 /* Project object */;
}
